
Microsoft Visual Studio Solution File, Format Version 12.00
# Visual Studio Version 17
VisualStudioVersion = 17.5.002.0
MinimumVisualStudioVersion = 10.0.40219.1
Project("{9A19103F-16F7-4668-BE54-9A1E7A4F7556}") = "backend", "backend.csproj", "{3A0C3E52-3A4A-4D5C-807A-3A27C3AB0325}"
EndProject
Global
	GlobalSection(SolutionConfigurationPlatforms) = preSolution
		Debug|Any CPU = Debug|Any CPU
		Release|Any CPU = Release|Any CPU
	EndGlobalSection
	GlobalSection(ProjectConfigurationPlatforms) = postSolution
		{3A0C3E52-3A4A-4D5C-807A-3A27C3AB0325}.Debug|Any CPU.ActiveCfg = Debug|Any CPU
		{3A0C3E52-3A4A-4D5C-807A-3A27C3AB0325}.Debug|Any CPU.Build.0 = Debug|Any CPU
		{3A0C3E52-3A4A-4D5C-807A-3A27C3AB0325}.Release|Any CPU.ActiveCfg = Release|Any CPU
		{3A0C3E52-3A4A-4D5C-807A-3A27C3AB0325}.Release|Any CPU.Build.0 = Release|Any CPU
	EndGlobalSection
	GlobalSection(SolutionProperties) = preSolution
		HideSolutionNode = FALSE
	EndGlobalSection
	GlobalSection(ExtensibilityGlobals) = postSolution
		SolutionGuid = {F91B4DFC-997B-4E6C-A246-D52CA803CFD4}
	EndGlobalSection
EndGlobal
